
Microsoft Visual Studio Solution File, Format Version 12.00
# Visual Studio Version 16
VisualStudioVersion = 16.0.30804.86
MinimumVisualStudioVersion = 10.0.40219.1
Project("{FAE04EC0-301F-11D3-BF4B-00C04F79EFBC}") = "LocalDB.UWP", "LocalDB.UWP\LocalDB.UWP.csproj", "{CB50AF6D-4E0E-41D3-99B9-070EE75610C0}"
EndProject
Project("{FAE04EC0-301F-11D3-BF4B-00C04F79EFBC}") = "LocalDB.Android", "LocalDB.Android\LocalDB.Android.csproj", "{4B9F70EE-2CC4-4912-9BAD-3EFF503C3670}"
EndProject
Project("{FAE04EC0-301F-11D3-BF4B-00C04F79EFBC}") = "LocalDB.iOS", "LocalDB.iOS\LocalDB.iOS.csproj", "{C10CE8CE-9C2E-4B76-BA71-7B3BB22FEF66}"
EndProject
Project("{FAE04EC0-301F-11D3-BF4B-00C04F79EFBC}") = "LocalDB", "LocalDB\LocalDB.csproj", "{053B5DA3-3E70-43DE-BD02-07CD1A2C7D56}"
EndProject
Global
	GlobalSection(SolutionConfigurationPlatforms) = preSolution
		Debug|Any CPU = Debug|Any CPU
		Debug|ARM = Debug|ARM
		Debug|iPhone = Debug|iPhone
		Debug|iPhoneSimulator = Debug|iPhoneSimulator
		Debug|x64 = Debug|x64
		Debug|x86 = Debug|x86
		Release|Any CPU = Release|Any CPU
		Release|ARM = Release|ARM
		Release|iPhone = Release|iPhone
		Release|iPhoneSimulator = Release|iPhoneSimulator
		Release|x64 = Release|x64
		Release|x86 = Release|x86
	EndGlobalSection
	GlobalSection(ProjectConfigurationPlatforms) = postSolution
		{CB50AF6D-4E0E-41D3-99B9-070EE75610C0}.Debug|Any CPU.ActiveCfg = Debug|x86
		{CB50AF6D-4E0E-41D3-99B9-070EE75610C0}.Debug|Any CPU.Build.0 = Debug|x86
		{CB50AF6D-4E0E-41D3-99B9-070EE75610C0}.Debug|Any CPU.Deploy.0 = Debug|x86
		{CB50AF6D-4E0E-41D3-99B9-070EE75610C0}.Debug|ARM.ActiveCfg = Debug|ARM
		{CB50AF6D-4E0E-41D3-99B9-070EE75610C0}.Debug|ARM.Build.0 = Debug|ARM
		{CB50AF6D-4E0E-41D3-99B9-070EE75610C0}.Debug|ARM.Deploy.0 = Debug|ARM
		{CB50AF6D-4E0E-41D3-99B9-070EE75610C0}.Debug|iPhone.ActiveCfg = Debug|x86
		{CB50AF6D-4E0E-41D3-99B9-070EE75610C0}.Debug|iPhone.Build.0 = Debug|x86
		{CB50AF6D-4E0E-41D3-99B9-070EE75610C0}.Debug|iPhone.Deploy.0 = Debug|x86
		{CB50AF6D-4E0E-41D3-99B9-070EE75610C0}.Debug|iPhoneSimulator.ActiveCfg = Debug|x86
		{CB50AF6D-4E0E-41D3-99B9-070EE75610C0}.Debug|iPhoneSimulator.Build.0 = Debug|x86
		{CB50AF6D-4E0E-41D3-99B9-070EE75610C0}.Debug|iPhoneSimulator.Deploy.0 = Debug|x86
		{CB50AF6D-4E0E-41D3-99B9-070EE75610C0}.Debug|x64.ActiveCfg = Debug|x64
		{CB50AF6D-4E0E-41D3-99B9-070EE75610C0}.Debug|x64.Build.0 = Debug|x64
		{CB50AF6D-4E0E-41D3-99B9-070EE75610C0}.Debug|x64.Deploy.0 = Debug|x64
		{CB50AF6D-4E0E-41D3-99B9-070EE75610C0}.Debug|x86.ActiveCfg = Debug|x86
		{CB50AF6D-4E0E-41D3-99B9-070EE75610C0}.Debug|x86.Build.0 = Debug|x86
		{CB50AF6D-4E0E-41D3-99B9-070EE75610C0}.Debug|x86.Deploy.0 = Debug|x86
		{CB50AF6D-4E0E-41D3-99B9-070EE75610C0}.Release|Any CPU.ActiveCfg = Release|x86
		{CB50AF6D-4E0E-41D3-99B9-070EE75610C0}.Release|Any CPU.Build.0 = Release|x86
		{CB50AF6D-4E0E-41D3-99B9-070EE75610C0}.Release|Any CPU.Deploy.0 = Release|x86
		{CB50AF6D-4E0E-41D3-99B9-070EE75610C0}.Release|ARM.ActiveCfg = Release|ARM
		{CB50AF6D-4E0E-41D3-99B9-070EE75610C0}.Release|ARM.Build.0 = Release|ARM
		{CB50AF6D-4E0E-41D3-99B9-070EE75610C0}.Release|ARM.Deploy.0 = Release|ARM
		{CB50AF6D-4E0E-41D3-99B9-070EE75610C0}.Release|iPhone.ActiveCfg = Release|x86
		{CB50AF6D-4E0E-41D3-99B9-070EE75610C0}.Release|iPhone.Build.0 = Release|x86
		{CB50AF6D-4E0E-41D3-99B9-070EE75610C0}.Release|iPhone.Deploy.0 = Release|x86
		{CB50AF6D-4E0E-41D3-99B9-070EE75610C0}.Release|iPhoneSimulator.ActiveCfg = Release|x86
		{CB50AF6D-4E0E-41D3-99B9-070EE75610C0}.Release|iPhoneSimulator.Build.0 = Release|x86
		{CB50AF6D-4E0E-41D3-99B9-070EE75610C0}.Release|iPhoneSimulator.Deploy.0 = Release|x86
		{CB50AF6D-4E0E-41D3-99B9-070EE75610C0}.Release|x64.ActiveCfg = Release|x64
		{CB50AF6D-4E0E-41D3-99B9-070EE75610C0}.Release|x64.Build.0 = Release|x64
		{CB50AF6D-4E0E-41D3-99B9-070EE75610C0}.Release|x64.Deploy.0 = Release|x64
		{CB50AF6D-4E0E-41D3-99B9-070EE75610C0}.Release|x86.ActiveCfg = Release|x86
		{CB50AF6D-4E0E-41D3-99B9-070EE75610C0}.Release|x86.Build.0 = Release|x86
		{CB50AF6D-4E0E-41D3-99B9-070EE75610C0}.Release|x86.Deploy.0 = Release|x86
		{4B9F70EE-2CC4-4912-9BAD-3EFF503C3670}.Debug|Any CPU.ActiveCfg = Debug|Any CPU
		{4B9F70EE-2CC4-4912-9BAD-3EFF503C3670}.Debug|Any CPU.Build.0 = Debug|Any CPU
		{4B9F70EE-2CC4-4912-9BAD-3EFF503C3670}.Debug|Any CPU.Deploy.0 = Debug|Any CPU
		{4B9F70EE-2CC4-4912-9BAD-3EFF503C3670}.Debug|ARM.ActiveCfg = Debug|Any CPU
		{4B9F70EE-2CC4-4912-9BAD-3EFF503C3670}.Debug|ARM.Build.0 = Debug|Any CPU
		{4B9F70EE-2CC4-4912-9BAD-3EFF503C3670}.Debug|ARM.Deploy.0 = Debug|Any CPU
		{4B9F70EE-2CC4-4912-9BAD-3EFF503C3670}.Debug|iPhone.ActiveCfg = Debug|Any CPU
		{4B9F70EE-2CC4-4912-9BAD-3EFF503C3670}.Debug|iPhone.Build.0 = Debug|Any CPU
		{4B9F70EE-2CC4-4912-9BAD-3EFF503C3670}.Debug|iPhone.Deploy.0 = Debug|Any CPU
		{4B9F70EE-2CC4-4912-9BAD-3EFF503C3670}.Debug|iPhoneSimulator.ActiveCfg = Debug|Any CPU
		{4B9F70EE-2CC4-4912-9BAD-3EFF503C3670}.Debug|iPhoneSimulator.Build.0 = Debug|Any CPU
		{4B9F70EE-2CC4-4912-9BAD-3EFF503C3670}.Debug|iPhoneSimulator.Deploy.0 = Debug|Any CPU
		{4B9F70EE-2CC4-4912-9BAD-3EFF503C3670}.Debug|x64.ActiveCfg = Debug|Any CPU
		{4B9F70EE-2CC4-4912-9BAD-3EFF503C3670}.Debug|x64.Build.0 = Debug|Any CPU
		{4B9F70EE-2CC4-4912-9BAD-3EFF503C3670}.Debug|x64.Deploy.0 = Debug|Any CPU
		{4B9F70EE-2CC4-4912-9BAD-3EFF503C3670}.Debug|x86.ActiveCfg = Debug|Any CPU
		{4B9F70EE-2CC4-4912-9BAD-3EFF503C3670}.Debug|x86.Build.0 = Debug|Any CPU
		{4B9F70EE-2CC4-4912-9BAD-3EFF503C3670}.Debug|x86.Deploy.0 = Debug|Any CPU
		{4B9F70EE-2CC4-4912-9BAD-3EFF503C3670}.Release|Any CPU.ActiveCfg = Release|Any CPU
		{4B9F70EE-2CC4-4912-9BAD-3EFF503C3670}.Release|Any CPU.Build.0 = Release|Any CPU
		{4B9F70EE-2CC4-4912-9BAD-3EFF503C3670}.Release|Any CPU.Deploy.0 = Release|Any CPU
		{4B9F70EE-2CC4-4912-9BAD-3EFF503C3670}.Release|ARM.ActiveCfg = Release|Any CPU
		{4B9F70EE-2CC4-4912-9BAD-3EFF503C3670}.Release|ARM.Build.0 = Release|Any CPU
		{4B9F70EE-2CC4-4912-9BAD-3EFF503C3670}.Release|ARM.Deploy.0 = Release|Any CPU
		{4B9F70EE-2CC4-4912-9BAD-3EFF503C3670}.Release|iPhone.ActiveCfg = Release|Any CPU
		{4B9F70EE-2CC4-4912-9BAD-3EFF503C3670}.Release|iPhone.Build.0 = Release|Any CPU
		{4B9F70EE-2CC4-4912-9BAD-3EFF503C3670}.Release|iPhone.Deploy.0 = Release|Any CPU
		{4B9F70EE-2CC4-4912-9BAD-3EFF503C3670}.Release|iPhoneSimulator.ActiveCfg = Release|Any CPU
		{4B9F70EE-2CC4-4912-9BAD-3EFF503C3670}.Release|iPhoneSimulator.Build.0 = Release|Any CPU
		{4B9F70EE-2CC4-4912-9BAD-3EFF503C3670}.Release|iPhoneSimulator.Deploy.0 = Release|Any CPU
		{4B9F70EE-2CC4-4912-9BAD-3EFF503C3670}.Release|x64.ActiveCfg = Release|Any CPU
		{4B9F70EE-2CC4-4912-9BAD-3EFF503C3670}.Release|x64.Build.0 = Release|Any CPU
		{4B9F70EE-2CC4-4912-9BAD-3EFF503C3670}.Release|x64.Deploy.0 = Release|Any CPU
		{4B9F70EE-2CC4-4912-9BAD-3EFF503C3670}.Release|x86.ActiveCfg = Release|Any CPU
		{4B9F70EE-2CC4-4912-9BAD-3EFF503C3670}.Release|x86.Build.0 = Release|Any CPU
		{4B9F70EE-2CC4-4912-9BAD-3EFF503C3670}.Release|x86.Deploy.0 = Release|Any CPU
		{C10CE8CE-9C2E-4B76-BA71-7B3BB22FEF66}.Debug|Any CPU.ActiveCfg = Debug|iPhoneSimulator
		{C10CE8CE-9C2E-4B76-BA71-7B3BB22FEF66}.Debug|Any CPU.Build.0 = Debug|iPhoneSimulator
		{C10CE8CE-9C2E-4B76-BA71-7B3BB22FEF66}.Debug|Any CPU.Deploy.0 = Debug|iPhoneSimulator
		{C10CE8CE-9C2E-4B76-BA71-7B3BB22FEF66}.Debug|ARM.ActiveCfg = Debug|iPhone
		{C10CE8CE-9C2E-4B76-BA71-7B3BB22FEF66}.Debug|ARM.Build.0 = Debug|iPhone
		{C10CE8CE-9C2E-4B76-BA71-7B3BB22FEF66}.Debug|ARM.Deploy.0 = Debug|iPhone
		{C10CE8CE-9C2E-4B76-BA71-7B3BB22FEF66}.Debug|iPhone.ActiveCfg = Debug|iPhone
		{C10CE8CE-9C2E-4B76-BA71-7B3BB22FEF66}.Debug|iPhone.Build.0 = Debug|iPhone
		{C10CE8CE-9C2E-4B76-BA71-7B3BB22FEF66}.Debug|iPhone.Deploy.0 = Debug|iPhone
		{C10CE8CE-9C2E-4B76-BA71-7B3BB22FEF66}.Debug|iPhoneSimulator.ActiveCfg = Debug|iPhoneSimulator
		{C10CE8CE-9C2E-4B76-BA71-7B3BB22FEF66}.Debug|iPhoneSimulator.Build.0 = Debug|iPhoneSimulator
		{C10CE8CE-9C2E-4B76-BA71-7B3BB22FEF66}.Debug|iPhoneSimulator.Deploy.0 = Debug|iPhoneSimulator
		{C10CE8CE-9C2E-4B76-BA71-7B3BB22FEF66}.Debug|x64.ActiveCfg = Debug|iPhoneSimulator
		{C10CE8CE-9C2E-4B76-BA71-7B3BB22FEF66}.Debug|x64.Build.0 = Debug|iPhoneSimulator
		{C10CE8CE-9C2E-4B76-BA71-7B3BB22FEF66}.Debug|x64.Deploy.0 = Debug|iPhoneSimulator
		{C10CE8CE-9C2E-4B76-BA71-7B3BB22FEF66}.Debug|x86.ActiveCfg = Debug|iPhoneSimulator
		{C10CE8CE-9C2E-4B76-BA71-7B3BB22FEF66}.Debug|x86.Build.0 = Debug|iPhoneSimulator
		{C10CE8CE-9C2E-4B76-BA71-7B3BB22FEF66}.Debug|x86.Deploy.0 = Debug|iPhoneSimulator
		{C10CE8CE-9C2E-4B76-BA71-7B3BB22FEF66}.Release|Any CPU.ActiveCfg = Release|iPhoneSimulator
		{C10CE8CE-9C2E-4B76-BA71-7B3BB22FEF66}.Release|Any CPU.Build.0 = Release|iPhoneSimulator
		{C10CE8CE-9C2E-4B76-BA71-7B3BB22FEF66}.Release|Any CPU.Deploy.0 = Release|iPhoneSimulator
		{C10CE8CE-9C2E-4B76-BA71-7B3BB22FEF66}.Release|ARM.ActiveCfg = Release|iPhoneSimulator
		{C10CE8CE-9C2E-4B76-BA71-7B3BB22FEF66}.Release|ARM.Build.0 = Release|iPhoneSimulator
		{C10CE8CE-9C2E-4B76-BA71-7B3BB22FEF66}.Release|ARM.Deploy.0 = Release|iPhoneSimulator
		{C10CE8CE-9C2E-4B76-BA71-7B3BB22FEF66}.Release|iPhone.ActiveCfg = Release|iPhone
		{C10CE8CE-9C2E-4B76-BA71-7B3BB22FEF66}.Release|iPhone.Build.0 = Release|iPhone
		{C10CE8CE-9C2E-4B76-BA71-7B3BB22FEF66}.Release|iPhone.Deploy.0 = Release|iPhone
		{C10CE8CE-9C2E-4B76-BA71-7B3BB22FEF66}.Release|iPhoneSimulator.ActiveCfg = Release|iPhoneSimulator
		{C10CE8CE-9C2E-4B76-BA71-7B3BB22FEF66}.Release|iPhoneSimulator.Build.0 = Release|iPhoneSimulator
		{C10CE8CE-9C2E-4B76-BA71-7B3BB22FEF66}.Release|iPhoneSimulator.Deploy.0 = Release|iPhoneSimulator
		{C10CE8CE-9C2E-4B76-BA71-7B3BB22FEF66}.Release|x64.ActiveCfg = Release|iPhoneSimulator
		{C10CE8CE-9C2E-4B76-BA71-7B3BB22FEF66}.Release|x64.Build.0 = Release|iPhoneSimulator
		{C10CE8CE-9C2E-4B76-BA71-7B3BB22FEF66}.Release|x64.Deploy.0 = Release|iPhoneSimulator
		{C10CE8CE-9C2E-4B76-BA71-7B3BB22FEF66}.Release|x86.ActiveCfg = Release|iPhoneSimulator
		{C10CE8CE-9C2E-4B76-BA71-7B3BB22FEF66}.Release|x86.Build.0 = Release|iPhoneSimulator
		{C10CE8CE-9C2E-4B76-BA71-7B3BB22FEF66}.Release|x86.Deploy.0 = Release|iPhoneSimulator
		{053B5DA3-3E70-43DE-BD02-07CD1A2C7D56}.Debug|Any CPU.ActiveCfg = Debug|Any CPU
		{053B5DA3-3E70-43DE-BD02-07CD1A2C7D56}.Debug|Any CPU.Build.0 = Debug|Any CPU
		{053B5DA3-3E70-43DE-BD02-07CD1A2C7D56}.Debug|Any CPU.Deploy.0 = Debug|Any CPU
		{053B5DA3-3E70-43DE-BD02-07CD1A2C7D56}.Debug|ARM.ActiveCfg = Debug|Any CPU
		{053B5DA3-3E70-43DE-BD02-07CD1A2C7D56}.Debug|ARM.Build.0 = Debug|Any CPU
		{053B5DA3-3E70-43DE-BD02-07CD1A2C7D56}.Debug|ARM.Deploy.0 = Debug|Any CPU
		{053B5DA3-3E70-43DE-BD02-07CD1A2C7D56}.Debug|iPhone.ActiveCfg = Debug|Any CPU
		{053B5DA3-3E70-43DE-BD02-07CD1A2C7D56}.Debug|iPhone.Build.0 = Debug|Any CPU
		{053B5DA3-3E70-43DE-BD02-07CD1A2C7D56}.Debug|iPhone.Deploy.0 = Debug|Any CPU
		{053B5DA3-3E70-43DE-BD02-07CD1A2C7D56}.Debug|iPhoneSimulator.ActiveCfg = Debug|Any CPU
		{053B5DA3-3E70-43DE-BD02-07CD1A2C7D56}.Debug|iPhoneSimulator.Build.0 = Debug|Any CPU
		{053B5DA3-3E70-43DE-BD02-07CD1A2C7D56}.Debug|iPhoneSimulator.Deploy.0 = Debug|Any CPU
		{053B5DA3-3E70-43DE-BD02-07CD1A2C7D56}.Debug|x64.ActiveCfg = Debug|Any CPU
		{053B5DA3-3E70-43DE-BD02-07CD1A2C7D56}.Debug|x64.Build.0 = Debug|Any CPU
		{053B5DA3-3E70-43DE-BD02-07CD1A2C7D56}.Debug|x64.Deploy.0 = Debug|Any CPU
		{053B5DA3-3E70-43DE-BD02-07CD1A2C7D56}.Debug|x86.ActiveCfg = Debug|Any CPU
		{053B5DA3-3E70-43DE-BD02-07CD1A2C7D56}.Debug|x86.Build.0 = Debug|Any CPU
		{053B5DA3-3E70-43DE-BD02-07CD1A2C7D56}.Debug|x86.Deploy.0 = Debug|Any CPU
		{053B5DA3-3E70-43DE-BD02-07CD1A2C7D56}.Release|Any CPU.ActiveCfg = Release|Any CPU
		{053B5DA3-3E70-43DE-BD02-07CD1A2C7D56}.Release|Any CPU.Build.0 = Release|Any CPU
		{053B5DA3-3E70-43DE-BD02-07CD1A2C7D56}.Release|Any CPU.Deploy.0 = Release|Any CPU
		{053B5DA3-3E70-43DE-BD02-07CD1A2C7D56}.Release|ARM.ActiveCfg = Release|Any CPU
		{053B5DA3-3E70-43DE-BD02-07CD1A2C7D56}.Release|ARM.Build.0 = Release|Any CPU
		{053B5DA3-3E70-43DE-BD02-07CD1A2C7D56}.Release|ARM.Deploy.0 = Release|Any CPU
		{053B5DA3-3E70-43DE-BD02-07CD1A2C7D56}.Release|iPhone.ActiveCfg = Release|Any CPU
		{053B5DA3-3E70-43DE-BD02-07CD1A2C7D56}.Release|iPhone.Build.0 = Release|Any CPU
		{053B5DA3-3E70-43DE-BD02-07CD1A2C7D56}.Release|iPhone.Deploy.0 = Release|Any CPU
		{053B5DA3-3E70-43DE-BD02-07CD1A2C7D56}.Release|iPhoneSimulator.ActiveCfg = Release|Any CPU
		{053B5DA3-3E70-43DE-BD02-07CD1A2C7D56}.Release|iPhoneSimulator.Build.0 = Release|Any CPU
		{053B5DA3-3E70-43DE-BD02-07CD1A2C7D56}.Release|iPhoneSimulator.Deploy.0 = Release|Any CPU
		{053B5DA3-3E70-43DE-BD02-07CD1A2C7D56}.Release|x64.ActiveCfg = Release|Any CPU
		{053B5DA3-3E70-43DE-BD02-07CD1A2C7D56}.Release|x64.Build.0 = Release|Any CPU
		{053B5DA3-3E70-43DE-BD02-07CD1A2C7D56}.Release|x64.Deploy.0 = Release|Any CPU
		{053B5DA3-3E70-43DE-BD02-07CD1A2C7D56}.Release|x86.ActiveCfg = Release|Any CPU
		{053B5DA3-3E70-43DE-BD02-07CD1A2C7D56}.Release|x86.Build.0 = Release|Any CPU
		{053B5DA3-3E70-43DE-BD02-07CD1A2C7D56}.Release|x86.Deploy.0 = Release|Any CPU
	EndGlobalSection
	GlobalSection(SolutionProperties) = preSolution
		HideSolutionNode = FALSE
	EndGlobalSection
	GlobalSection(ExtensibilityGlobals) = postSolution
		SolutionGuid = {CBABC456-E972-44BB-B7D4-CE4DCFB3AA75}
	EndGlobalSection
EndGlobal
